
Microsoft Visual Studio Solution File, Format Version 11.00
# Visual Studio 2010
Project("{FAE04EC0-301F-11D3-BF4B-00C04F79EFBC}") = "Elsify v2", "Elsify v2\Elsify v2.csproj", "{78BABEC9-D5AD-40AA-A240-D854930C63EC}"
EndProject
Global
	GlobalSection(SolutionConfigurationPlatforms) = preSolution
		Debug|Any CPU = Debug|Any CPU
		Release|Any CPU = Release|Any CPU
	EndGlobalSection
	GlobalSection(ProjectConfigurationPlatforms) = postSolution
		{78BABEC9-D5AD-40AA-A240-D854930C63EC}.Debug|Any CPU.ActiveCfg = Debug|Any CPU
		{78BABEC9-D5AD-40AA-A240-D854930C63EC}.Debug|Any CPU.Build.0 = Debug|Any CPU
		{78BABEC9-D5AD-40AA-A240-D854930C63EC}.Release|Any CPU.ActiveCfg = Release|Any CPU
		{78BABEC9-D5AD-40AA-A240-D854930C63EC}.Release|Any CPU.Build.0 = Release|Any CPU
	EndGlobalSection
	GlobalSection(SolutionProperties) = preSolution
		HideSolutionNode = FALSE
	EndGlobalSection
EndGlobal
